
Microsoft Visual Studio Solution File, Format Version 12.00
# Visual Studio Version 17
VisualStudioVersion = 17.10.35027.167
MinimumVisualStudioVersion = 10.0.40219.1
Project("{FAE04EC0-301F-11D3-BF4B-00C04F79EFBC}") = "LoginPage", "LoginPage\LoginPage.csproj", "{DFC4F70D-E5F1-4474-9E3A-B239A7201465}"
EndProject
Global
	GlobalSection(SolutionConfigurationPlatforms) = preSolution
		Debug|Any CPU = Debug|Any CPU
		Release|Any CPU = Release|Any CPU
	EndGlobalSection
	GlobalSection(ProjectConfigurationPlatforms) = postSolution
		{DFC4F70D-E5F1-4474-9E3A-B239A7201465}.Debug|Any CPU.ActiveCfg = Debug|Any CPU
		{DFC4F70D-E5F1-4474-9E3A-B239A7201465}.Debug|Any CPU.Build.0 = Debug|Any CPU
		{DFC4F70D-E5F1-4474-9E3A-B239A7201465}.Debug|Any CPU.Deploy.0 = Debug|Any CPU
		{DFC4F70D-E5F1-4474-9E3A-B239A7201465}.Release|Any CPU.ActiveCfg = Release|Any CPU
		{DFC4F70D-E5F1-4474-9E3A-B239A7201465}.Release|Any CPU.Build.0 = Release|Any CPU
		{DFC4F70D-E5F1-4474-9E3A-B239A7201465}.Release|Any CPU.Deploy.0 = Release|Any CPU
	EndGlobalSection
	GlobalSection(SolutionProperties) = preSolution
		HideSolutionNode = FALSE
	EndGlobalSection
	GlobalSection(ExtensibilityGlobals) = postSolution
		SolutionGuid = {4776E13A-E27A-4F07-B0C9-E3AEC17B5A83}
	EndGlobalSection
EndGlobal
